<Solution>
  <Project Path="Lab10_TimesTable/Lab10_TimesTable.csproj" />
  <Project Path="Lab11_StarCount/Lab11_StarCount.csproj" />
  <Project Path="Lab12_WordCount/Lab12_WordCount.csproj" />
  <Project Path="Lab13_ReverseAString/Lab13_ReverseAString.csproj" Id="05b998a4-5fe0-4c2f-a0a2-99b2bb9081a7" />
  <Project Path="Lab14_HowManyVowels/Lab14_HowManyVowels.csproj" Id="0caac403-d28e-4601-8f0d-e96424eba9f8" />
  <Project Path="Lab15_VowelCount/Lab15_VowelCount.csproj" Id="8b3a58d9-7500-4596-a2bb-079298ae4558" />
  <Project Path="Lab16_CountTheStars2/Lab16_CountTheStars2.csproj" Id="a437a8ea-c609-4474-987c-98ba2289bb01" />
  <Project Path="Lab17_TestScores/Lab17_TestScores.csproj" Id="ba12b323-a159-487c-a4d7-7378ff4dc6a0" />
  <Project Path="Lab18_CalculateArea/Lab18_CalculateArea.csproj" Id="16a50a53-c2cc-488e-8dad-b3e83be959ca" />
  <Project Path="Lab19_LargestScore/Lab19_LargestScore.csproj" Id="8589b878-bcb3-406e-88dc-a286d96bf356" />
  <Project Path="Lab20_SumOfLinesOfNumbers/Lab20_SumOfLinesOfNumbers.csproj" Id="f061677a-b8f1-46d1-a593-c3c50504e698" />
  <Project Path="Lab21_SumOfLineOfValidNumbers/Lab21_SumOfLineOfValidNumbers.csproj" Id="d4ec4890-f6f7-49c1-aafb-ebee76de7054" />
  <Project Path="Lab22_TestScores/Lab22_TestScores.csproj" Id="dda10b99-96c1-49d7-bc21-88f672ed2d93" />
  <Project Path="Lab23_ChessGames/Lab23_ChessGames.csproj" Id="c46426a0-12b4-4ae6-b2b2-0757b1813a33" />
  <Project Path="Lab24_Min&amp;MaxNumbers/Lab24_Min&amp;MaxNumbers.csproj" Id="b94c4d93-337d-4474-b39b-ce7997bcf5b1" />
  <Project Path="Lab25_SortNames1/Lab25_SortNames1.csproj" Id="914991a1-e216-4cf8-86b0-4f01ec32a687" />
  <Project Path="Lab26_Median/Lab26_Median.csproj" Id="084f1616-34b0-4a47-861f-4b1d2d087710" />
  <Project Path="Lab27_GradingScores/Lab27_GradingScores.csproj" Id="f8867e69-98fa-47c9-a4ef-a480eec21feb" />
  <Project Path="Lab28_SortNumbers/Lab28_SortNumbers.csproj" Id="d94875f9-f862-4dd2-a9d3-f666577617c3" />
  <Project Path="Lab29_SortedNames2/Lab29_SortedNames2.csproj" Id="5b59f88a-8c27-4695-88c9-521d9078724b" />
  <Project Path="Lab30_TestScores2/Lab30_TestScores2.csproj" Id="e7cadfe1-bc9e-4c9f-9187-b85dc0c6fad0" />
  <Project Path="Lab31_HorizontalNameSort/Lab31_HorizontalNameSort.csproj" Id="5daef85c-8708-4fbb-a629-de91c7fc6a2c" />
  <Project Path="Lab32_FileProcessing/Lab32_FileProcessing.csproj" Id="88a47126-c67e-4827-b9d4-41fe20d9c1e1" />
  <Project Path="Lab33_CountingNames/Lab33_CountingNames.csproj" Id="a5b0bc31-967e-4634-864e-3efcdee69ebf" />
  <Project Path="Lab34_ShoppingList1/Lab34_ShoppingList1.csproj" Id="e12b4e3b-b682-43d5-bbb8-f04d95779a66" />
  <Project Path="Lab9_SumAndAverage/Lab09_SumAndAverage.csproj" />
</Solution>
